
Microsoft Visual Studio Solution File, Format Version 12.00
# Visual Studio Version 17
VisualStudioVersion = 17.2.32630.192
MinimumVisualStudioVersion = 10.0.40219.1
Project("{00D1A9C2-B5F0-4AF3-8072-F6C62B433612}") = "Database", "AuthorizationDatabase\Database.sqlproj", "{65D03369-0186-4753-8218-3BED9BBECFB5}"
EndProject
Project("{FAE04EC0-301F-11D3-BF4B-00C04F79EFBC}") = "Authorization.Data", "Authorization.Data\Authorization.Data.csproj", "{582D0F5C-30DE-46F9-9F2B-AB3C9F034442}"
EndProject
Global
	GlobalSection(SolutionConfigurationPlatforms) = preSolution
		Debug|Any CPU = Debug|Any CPU
		Release|Any CPU = Release|Any CPU
	EndGlobalSection
	GlobalSection(ProjectConfigurationPlatforms) = postSolution
		{65D03369-0186-4753-8218-3BED9BBECFB5}.Debug|Any CPU.ActiveCfg = Debug|Any CPU
		{65D03369-0186-4753-8218-3BED9BBECFB5}.Debug|Any CPU.Build.0 = Debug|Any CPU
		{65D03369-0186-4753-8218-3BED9BBECFB5}.Debug|Any CPU.Deploy.0 = Debug|Any CPU
		{65D03369-0186-4753-8218-3BED9BBECFB5}.Release|Any CPU.ActiveCfg = Release|Any CPU
		{65D03369-0186-4753-8218-3BED9BBECFB5}.Release|Any CPU.Build.0 = Release|Any CPU
		{65D03369-0186-4753-8218-3BED9BBECFB5}.Release|Any CPU.Deploy.0 = Release|Any CPU
		{582D0F5C-30DE-46F9-9F2B-AB3C9F034442}.Debug|Any CPU.ActiveCfg = Debug|Any CPU
		{582D0F5C-30DE-46F9-9F2B-AB3C9F034442}.Debug|Any CPU.Build.0 = Debug|Any CPU
		{582D0F5C-30DE-46F9-9F2B-AB3C9F034442}.Release|Any CPU.ActiveCfg = Release|Any CPU
		{582D0F5C-30DE-46F9-9F2B-AB3C9F034442}.Release|Any CPU.Build.0 = Release|Any CPU
	EndGlobalSection
	GlobalSection(SolutionProperties) = preSolution
		HideSolutionNode = FALSE
	EndGlobalSection
	GlobalSection(ExtensibilityGlobals) = postSolution
		SolutionGuid = {EED22EFA-7AD0-4326-B681-6460677FC00E}
	EndGlobalSection
EndGlobal
